// !$*UTF8*$!
{
	archiveVersion = 1;
	classes = {
	};
	objectVersion = 56;
	objects = {

/* Begin PBXBuildFile section */
		9B8CA1912BC640B1000325C5 /* SerialPortDemoApp.swift in Sources */ = {isa = PBXBuildFile; fileRef = 9B8CA1902BC640B1000325C5 /* SerialPortDemoApp.swift */; };
		9B8CA1932BC640B1000325C5 /* ContentView.swift in Sources */ = {isa = PBXBuildFile; fileRef = 9B8CA1922BC640B1000325C5 /* ContentView.swift */; };
		9B8CA1952BC640B2000325C5 /* Assets.xcassets in Resources */ = {isa = PBXBuildFile; fileRef = 9B8CA1942BC640B2000325C5 /* Assets.xcassets */; };
		9B8CA1982BC640B2000325C5 /* Preview Assets.xcassets in Resources */ = {isa = PBXBuildFile; fileRef = 9B8CA1972BC640B2000325C5 /* Preview Assets.xcassets */; };
		9B8CA1A32BC640B3000325C5 /* SerialPortDemoTests.swift in Sources */ = {isa = PBXBuildFile; fileRef = 9B8CA1A22BC640B3000325C5 /* SerialPortDemoTests.swift */; };
		9B8CA1AD2BC640B3000325C5 /* SerialPortDemoUITests.swift in Sources */ = {isa = PBXBuildFile; fileRef = 9B8CA1AC2BC640B3000325C5 /* SerialPortDemoUITests.swift */; };
		9B8CA1AF2BC640B3000325C5 /* SerialPortDemoUITestsLaunchTests.swift in Sources */ = {isa = PBXBuildFile; fileRef = 9B8CA1AE2BC640B3000325C5 /* SerialPortDemoUITestsLaunchTests.swift */; };
/* End PBXBuildFile section */

/* Begin PBXContainerItemProxy section */
		9B8CA19F2BC640B3000325C5 /* PBXContainerItemProxy */ = {
			isa = PBXContainerItemProxy;
			containerPortal = 9B8CA1852BC640B1000325C5 /* Project object */;
			proxyType = 1;
			remoteGlobalIDString = 9B8CA18C2BC640B1000325C5;
			remoteInfo = SerialPortDemo;
		};
		9B8CA1A92BC640B3000325C5 /* PBXContainerItemProxy */ = {
			isa = PBXContainerItemProxy;
			containerPortal = 9B8CA1852BC640B1000325C5 /* Project object */;
			proxyType = 1;
			remoteGlobalIDString = 9B8CA18C2BC640B1000325C5;
			remoteInfo = SerialPortDemo;
		};
/* End PBXContainerItemProxy section */

/* Begin PBXFileReference section */
		9B8CA18D2BC640B1000325C5 /* SerialPortDemo.app */ = {isa = PBXFileReference; explicitFileType = wrapper.application; includeInIndex = 0; path = SerialPortDemo.app; sourceTree = BUILT_PRODUCTS_DIR; };
		9B8CA1902BC640B1000325C5 /* SerialPortDemoApp.swift */ = {isa = PBXFileReference; lastKnownFileType = sourcecode.swift; path = SerialPortDemoApp.swift; sourceTree = "<group>"; };
		9B8CA1922BC640B1000325C5 /* ContentView.swift */ = {isa = PBXFileReference; lastKnownFileType = sourcecode.swift; path = ContentView.swift; sourceTree = "<group>"; };
		9B8CA1942BC640B2000325C5 /* Assets.xcassets */ = {isa = PBXFileReference; lastKnownFileType = folder.assetcatalog; path = Assets.xcassets; sourceTree = "<group>"; };
		9B8CA1972BC640B2000325C5 /* Preview Assets.xcassets */ = {isa = PBXFileReference; lastKnownFileType = folder.assetcatalog; path = "Preview Assets.xcassets"; sourceTree = "<group>"; };
		9B8CA1992BC640B2000325C5 /* SerialPortDemo.entitlements */ = {isa = PBXFileReference; lastKnownFileType = text.plist.entitlements; path = SerialPortDemo.entitlements; sourceTree = "<group>"; };
		9B8CA19E2BC640B3000325C5 /* SerialPortDemoTests.xctest */ = {isa = PBXFileReference; explicitFileType = wrapper.cfbundle; includeInIndex = 0; path = SerialPortDemoTests.xctest; sourceTree = BUILT_PRODUCTS_DIR; };
		9B8CA1A22BC640B3000325C5 /* SerialPortDemoTests.swift */ = {isa = PBXFileReference; lastKnownFileType = sourcecode.swift; path = SerialPortDemoTests.swift; sourceTree = "<group>"; };
		9B8CA1A82BC640B3000325C5 /* SerialPortDemoUITests.xctest */ = {isa = PBXFileReference; explicitFileType = wrapper.cfbundle; includeInIndex = 0; path = SerialPortDemoUITests.xctest; sourceTree = BUILT_PRODUCTS_DIR; };
		9B8CA1AC2BC640B3000325C5 /* SerialPortDemoUITests.swift */ = {isa = PBXFileReference; lastKnownFileType = sourcecode.swift; path = SerialPortDemoUITests.swift; sourceTree = "<group>"; };
		9B8CA1AE2BC640B3000325C5 /* SerialPortDemoUITestsLaunchTests.swift */ = {isa = PBXFileReference; lastKnownFileType = sourcecode.swift; path = SerialPortDemoUITestsLaunchTests.swift; sourceTree = "<group>"; };
/* End PBXFileReference section */

/* Begin PBXFrameworksBuildPhase section */
		9B8CA18A2BC640B1000325C5 /* Frameworks */ = {
			isa = PBXFrameworksBuildPhase;
			buildActionMask = 2147483647;
			files = (
			);
			runOnlyForDeploymentPostprocessing = 0;
		};
		9B8CA19B2BC640B3000325C5 /* Frameworks */ = {
			isa = PBXFrameworksBuildPhase;
			buildActionMask = 2147483647;
			files = (
			);
			runOnlyForDeploymentPostprocessing = 0;
		};
		9B8CA1A52BC640B3000325C5 /* Frameworks */ = {
			isa = PBXFrameworksBuildPhase;
			buildActionMask = 2147483647;
			files = (
			);
			runOnlyForDeploymentPostprocessing = 0;
		};
/* End PBXFrameworksBuildPhase section */

/* Begin PBXGroup section */
		9B8CA1842BC640B1000325C5 = {
			isa = PBXGroup;
			children = (
				9B8CA18F2BC640B1000325C5 /* SerialPortDemo */,
				9B8CA1A12BC640B3000325C5 /* SerialPortDemoTests */,
				9B8CA1AB2BC640B3000325C5 /* SerialPortDemoUITests */,
				9B8CA18E2BC640B1000325C5 /* Products */,
			);
			sourceTree = "<group>";
		};
		9B8CA18E2BC640B1000325C5 /* Products */ = {
			isa = PBXGroup;
			children = (
				9B8CA18D2BC640B1000325C5 /* SerialPortDemo.app */,
				9B8CA19E2BC640B3000325C5 /* SerialPortDemoTests.xctest */,
				9B8CA1A82BC640B3000325C5 /* SerialPortDemoUITests.xctest */,
			);
			name = Products;
			sourceTree = "<group>";
		};
		9B8CA18F2BC640B1000325C5 /* SerialPortDemo */ = {
			isa = PBXGroup;
			children = (
				9B8CA1902BC640B1000325C5 /* SerialPortDemoApp.swift */,
				9B8CA1922BC640B1000325C5 /* ContentView.swift */,
				9B8CA1942BC640B2000325C5 /* Assets.xcassets */,
				9B8CA1992BC640B2000325C5 /* SerialPortDemo.entitlements */,
				9B8CA1962BC640B2000325C5 /* Preview Content */,
			);
			path = SerialPortDemo;
			sourceTree = "<group>";
		};
		9B8CA1962BC640B2000325C5 /* Preview Content */ = {
			isa = PBXGroup;
			children = (
				9B8CA1972BC640B2000325C5 /* Preview Assets.xcassets */,
			);
			path = "Preview Content";
			sourceTree = "<group>";
		};
		9B8CA1A12BC640B3000325C5 /* SerialPortDemoTests */ = {
			isa = PBXGroup;
			children = (
				9B8CA1A22BC640B3000325C5 /* SerialPortDemoTests.swift */,
			);
			path = SerialPortDemoTests;
			sourceTree = "<group>";
		};
		9B8CA1AB2BC640B3000325C5 /* SerialPortDemoUITests */ = {
			isa = PBXGroup;
			children = (
				9B8CA1AC2BC640B3000325C5 /* SerialPortDemoUITests.swift */,
				9B8CA1AE2BC640B3000325C5 /* SerialPortDemoUITestsLaunchTests.swift */,
			);
			path = SerialPortDemoUITests;
			sourceTree = "<group>";
		};
/* End PBXGroup section */

/* Begin PBXNativeTarget section */
		9B8CA18C2BC640B1000325C5 /* SerialPortDemo */ = {
			isa = PBXNativeTarget;
			buildConfigurationList = 9B8CA1B22BC640B3000325C5 /* Build configuration list for PBXNativeTarget "SerialPortDemo" */;
			buildPhases = (
				9B8CA1892BC640B1000325C5 /* Sources */,
				9B8CA18A2BC640B1000325C5 /* Frameworks */,
				9B8CA18B2BC640B1000325C5 /* Resources */,
			);
			buildRules = (
			);
			dependencies = (
			);
			name = SerialPortDemo;
			productName = SerialPortDemo;
			productReference = 9B8CA18D2BC640B1000325C5 /* SerialPortDemo.app */;
			productType = "com.apple.product-type.application";
		};
		9B8CA19D2BC640B3000325C5 /* SerialPortDemoTests */ = {
			isa = PBXNativeTarget;
			buildConfigurationList = 9B8CA1B52BC640B3000325C5 /* Build configuration list for PBXNativeTarget "SerialPortDemoTests" */;
			buildPhases = (
				9B8CA19A2BC640B3000325C5 /* Sources */,
				9B8CA19B2BC640B3000325C5 /* Frameworks */,
				9B8CA19C2BC640B3000325C5 /* Resources */,
			);
			buildRules = (
			);
			dependencies = (
				9B8CA1A02BC640B3000325C5 /* PBXTargetDependency */,
			);
			name = SerialPortDemoTests;
			productName = SerialPortDemoTests;
			productReference = 9B8CA19E2BC640B3000325C5 /* SerialPortDemoTests.xctest */;
			productType = "com.apple.product-type.bundle.unit-test";
		};
		9B8CA1A72BC640B3000325C5 /* SerialPortDemoUITests */ = {
			isa = PBXNativeTarget;
			buildConfigurationList = 9B8CA1B82BC640B3000325C5 /* Build configuration list for PBXNativeTarget "SerialPortDemoUITests" */;
			buildPhases = (
				9B8CA1A42BC640B3000325C5 /* Sources */,
				9B8CA1A52BC640B3000325C5 /* Frameworks */,
				9B8CA1A62BC640B3000325C5 /* Resources */,
			);
			buildRules = (
			);
			dependencies = (
				9B8CA1AA2BC640B3000325C5 /* PBXTargetDependency */,
			);
			name = SerialPortDemoUITests;
			productName = SerialPortDemoUITests;
			productReference = 9B8CA1A82BC640B3000325C5 /* SerialPortDemoUITests.xctest */;
			productType = "com.apple.product-type.bundle.ui-testing";
		};
/* End PBXNativeTarget section */

/* Begin PBXProject section */
		9B8CA1852BC640B1000325C5 /* Project object */ = {
			isa = PBXProject;
			attributes = {
				BuildIndependentTargetsInParallel = 1;
				LastSwiftUpdateCheck = 1520;
				LastUpgradeCheck = 1520;
				TargetAttributes = {
					9B8CA18C2BC640B1000325C5 = {
						CreatedOnToolsVersion = 15.2;
					};
					9B8CA19D2BC640B3000325C5 = {
						CreatedOnToolsVersion = 15.2;
						TestTargetID = 9B8CA18C2BC640B1000325C5;
					};
					9B8CA1A72BC640B3000325C5 = {
						CreatedOnToolsVersion = 15.2;
						TestTargetID = 9B8CA18C2BC640B1000325C5;
					};
				};
			};
			buildConfigurationList = 9B8CA1882BC640B1000325C5 /* Build configuration list for PBXProject "SerialPortDemo" */;
			compatibilityVersion = "Xcode 14.0";
			developmentRegion = en;
			hasScannedForEncodings = 0;
			knownRegions = (
				en,
				Base,
			);
			mainGroup = 9B8CA1842BC640B1000325C5;
			productRefGroup = 9B8CA18E2BC640B1000325C5 /* Products */;
			projectDirPath = "";
			projectRoot = "";
			targets = (
				9B8CA18C2BC640B1000325C5 /* SerialPortDemo */,
				9B8CA19D2BC640B3000325C5 /* SerialPortDemoTests */,
				9B8CA1A72BC640B3000325C5 /* SerialPortDemoUITests */,
			);
		};
/* End PBXProject section */

/* Begin PBXResourcesBuildPhase section */
		9B8CA18B2BC640B1000325C5 /* Resources */ = {
			isa = PBXResourcesBuildPhase;
			buildActionMask = 2147483647;
			files = (
				9B8CA1982BC640B2000325C5 /* Preview Assets.xcassets in Resources */,
				9B8CA1952BC640B2000325C5 /* Assets.xcassets in Resources */,
			);
			runOnlyForDeploymentPostprocessing = 0;
		};
		9B8CA19C2BC640B3000325C5 /* Resources */ = {
			isa = PBXResourcesBuildPhase;
			buildActionMask = 2147483647;
			files = (
			);
			runOnlyForDeploymentPostprocessing = 0;
		};
		9B8CA1A62BC640B3000325C5 /* Resources */ = {
			isa = PBXResourcesBuildPhase;
			buildActionMask = 2147483647;
			files = (
			);
			runOnlyForDeploymentPostprocessing = 0;
		};
/* End PBXResourcesBuildPhase section */

/* Begin PBXSourcesBuildPhase section */
		9B8CA1892BC640B1000325C5 /* Sources */ = {
			isa = PBXSourcesBuildPhase;
			buildActionMask = 2147483647;
			files = (
				9B8CA1932BC640B1000325C5 /* ContentView.swift in Sources */,
				9B8CA1912BC640B1000325C5 /* SerialPortDemoApp.swift in Sources */,
			);
			runOnlyForDeploymentPostprocessing = 0;
		};
		9B8CA19A2BC640B3000325C5 /* Sources */ = {
			isa = PBXSourcesBuildPhase;
			buildActionMask = 2147483647;
			files = (
				9B8CA1A32BC640B3000325C5 /* SerialPortDemoTests.swift in Sources */,
			);
			runOnlyForDeploymentPostprocessing = 0;
		};
		9B8CA1A42BC640B3000325C5 /* Sources */ = {
			isa = PBXSourcesBuildPhase;
			buildActionMask = 2147483647;
			files = (
				9B8CA1AF2BC640B3000325C5 /* SerialPortDemoUITestsLaunchTests.swift in Sources */,
				9B8CA1AD2BC640B3000325C5 /* SerialPortDemoUITests.swift in Sources */,
			);
			runOnlyForDeploymentPostprocessing = 0;
		};
/* End PBXSourcesBuildPhase section */

/* Begin PBXTargetDependency section */
		9B8CA1A02BC640B3000325C5 /* PBXTargetDependency */ = {
			isa = PBXTargetDependency;
			target = 9B8CA18C2BC640B1000325C5 /* SerialPortDemo */;
			targetProxy = 9B8CA19F2BC640B3000325C5 /* PBXContainerItemProxy */;
		};
		9B8CA1AA2BC640B3000325C5 /* PBXTargetDependency */ = {
			isa = PBXTargetDependency;
			target = 9B8CA18C2BC640B1000325C5 /* SerialPortDemo */;
			targetProxy = 9B8CA1A92BC640B3000325C5 /* PBXContainerItemProxy */;
		};
/* End PBXTargetDependency section */

/* Begin XCBuildConfiguration section */
		9B8CA1B02BC640B3000325C5 /* Debug */ = {
			isa = XCBuildConfiguration;
			buildSettings = {
				ALWAYS_SEARCH_USER_PATHS = NO;
				ASSETCATALOG_COMPILER_GENERATE_SWIFT_ASSET_SYMBOL_EXTENSIONS = YES;
				CLANG_ANALYZER_NONNULL = YES;
				CLANG_ANALYZER_NUMBER_OBJECT_CONVERSION = YES_AGGRESSIVE;
				CLANG_CXX_LANGUAGE_STANDARD = "gnu++20";
				CLANG_ENABLE_MODULES = YES;
				CLANG_ENABLE_OBJC_ARC = YES;
				CLANG_ENABLE_OBJC_WEAK = YES;
				CLANG_WARN_BLOCK_CAPTURE_AUTORELEASING = YES;
				CLANG_WARN_BOOL_CONVERSION = YES;
				CLANG_WARN_COMMA = YES;
				CLANG_WARN_CONSTANT_CONVERSION = YES;
				CLANG_WARN_DEPRECATED_OBJC_IMPLEMENTATIONS = YES;
				CLANG_WARN_DIRECT_OBJC_ISA_USAGE = YES_ERROR;
				CLANG_WARN_DOCUMENTATION_COMMENTS = YES;
				CLANG_WARN_EMPTY_BODY = YES;
				CLANG_WARN_ENUM_CONVERSION = YES;
				CLANG_WARN_INFINITE_RECURSION = YES;
				CLANG_WARN_INT_CONVERSION = YES;
				CLANG_WARN_NON_LITERAL_NULL_CONVERSION = YES;
				CLANG_WARN_OBJC_IMPLICIT_RETAIN_SELF = YES;
				CLANG_WARN_OBJC_LITERAL_CONVERSION = YES;
				CLANG_WARN_OBJC_ROOT_CLASS = YES_ERROR;
				CLANG_WARN_QUOTED_INCLUDE_IN_FRAMEWORK_HEADER = YES;
				CLANG_WARN_RANGE_LOOP_ANALYSIS = YES;
				CLANG_WARN_STRICT_PROTOTYPES = YES;
				CLANG_WARN_SUSPICIOUS_MOVE = YES;
				CLANG_WARN_UNGUARDED_AVAILABILITY = YES_AGGRESSIVE;
				CLANG_WARN_UNREACHABLE_CODE = YES;
				CLANG_WARN__DUPLICATE_METHOD_MATCH = YES;
				COPY_PHASE_STRIP = NO;
				DEBUG_INFORMATION_FORMAT = dwarf;
				ENABLE_STRICT_OBJC_MSGSEND = YES;
				ENABLE_TESTABILITY = YES;
				ENABLE_USER_SCRIPT_SANDBOXING = YES;
				GCC_C_LANGUAGE_STANDARD = gnu17;
				GCC_DYNAMIC_NO_PIC = NO;
				GCC_NO_COMMON_BLOCKS = YES;
				GCC_OPTIMIZATION_LEVEL = 0;
				GCC_PREPROCESSOR_DEFINITIONS = (
					"DEBUG=1",
					"$(inherited)",
				);
				GCC_WARN_64_TO_32_BIT_CONVERSION = YES;
				GCC_WARN_ABOUT_RETURN_TYPE = YES_ERROR;
				GCC_WARN_UNDECLARED_SELECTOR = YES;
				GCC_WARN_UNINITIALIZED_AUTOS = YES_AGGRESSIVE;
				GCC_WARN_UNUSED_FUNCTION = YES;
				GCC_WARN_UNUSED_VARIABLE = YES;
				LOCALIZATION_PREFERS_STRING_CATALOGS = YES;
				MACOSX_DEPLOYMENT_TARGET = 14.1;
				MTL_ENABLE_DEBUG_INFO = INCLUDE_SOURCE;
				MTL_FAST_MATH = YES;
				ONLY_ACTIVE_ARCH = YES;
				SDKROOT = macosx;
				SWIFT_ACTIVE_COMPILATION_CONDITIONS = "DEBUG $(inherited)";
				SWIFT_OPTIMIZATION_LEVEL = "-Onone";
			};
			name = Debug;
		};
		9B8CA1B12BC640B3000325C5 /* Release */ = {
			isa = XCBuildConfiguration;
			buildSettings = {
				ALWAYS_SEARCH_USER_PATHS = NO;
				ASSETCATALOG_COMPILER_GENERATE_SWIFT_ASSET_SYMBOL_EXTENSIONS = YES;
				CLANG_ANALYZER_NONNULL = YES;
				CLANG_ANALYZER_NUMBER_OBJECT_CONVERSION = YES_AGGRESSIVE;
				CLANG_CXX_LANGUAGE_STANDARD = "gnu++20";
				CLANG_ENABLE_MODULES = YES;
				CLANG_ENABLE_OBJC_ARC = YES;
				CLANG_ENABLE_OBJC_WEAK = YES;
				CLANG_WARN_BLOCK_CAPTURE_AUTORELEASING = YES;
				CLANG_WARN_BOOL_CONVERSION = YES;
				CLANG_WARN_COMMA = YES;
				CLANG_WARN_CONSTANT_CONVERSION = YES;
				CLANG_WARN_DEPRECATED_OBJC_IMPLEMENTATIONS = YES;
				CLANG_WARN_DIRECT_OBJC_ISA_USAGE = YES_ERROR;
				CLANG_WARN_DOCUMENTATION_COMMENTS = YES;
				CLANG_WARN_EMPTY_BODY = YES;
				CLANG_WARN_ENUM_CONVERSION = YES;
				CLANG_WARN_INFINITE_RECURSION = YES;
				CLANG_WARN_INT_CONVERSION = YES;
				CLANG_WARN_NON_LITERAL_NULL_CONVERSION = YES;
				CLANG_WARN_OBJC_IMPLICIT_RETAIN_SELF = YES;
				CLANG_WARN_OBJC_LITERAL_CONVERSION = YES;
				CLANG_WARN_OBJC_ROOT_CLASS = YES_ERROR;
				CLANG_WARN_QUOTED_INCLUDE_IN_FRAMEWORK_HEADER = YES;
				CLANG_WARN_RANGE_LOOP_ANALYSIS = YES;
				CLANG_WARN_STRICT_PROTOTYPES = YES;
				CLANG_WARN_SUSPICIOUS_MOVE = YES;
				CLANG_WARN_UNGUARDED_AVAILABILITY = YES_AGGRESSIVE;
				CLANG_WARN_UNREACHABLE_CODE = YES;
				CLANG_WARN__DUPLICATE_METHOD_MATCH = YES;
				COPY_PHASE_STRIP = NO;
				DEBUG_INFORMATION_FORMAT = "dwarf-with-dsym";
				ENABLE_NS_ASSERTIONS = NO;
				ENABLE_STRICT_OBJC_MSGSEND = YES;
				ENABLE_USER_SCRIPT_SANDBOXING = YES;
				GCC_C_LANGUAGE_STANDARD = gnu17;
				GCC_NO_COMMON_BLOCKS = YES;
				GCC_WARN_64_TO_32_BIT_CONVERSION = YES;
				GCC_WARN_ABOUT_RETURN_TYPE = YES_ERROR;
				GCC_WARN_UNDECLARED_SELECTOR = YES;
				GCC_WARN_UNINITIALIZED_AUTOS = YES_AGGRESSIVE;
				GCC_WARN_UNUSED_FUNCTION = YES;
				GCC_WARN_UNUSED_VARIABLE = YES;
				LOCALIZATION_PREFERS_STRING_CATALOGS = YES;
				MACOSX_DEPLOYMENT_TARGET = 14.1;
				MTL_ENABLE_DEBUG_INFO = NO;
				MTL_FAST_MATH = YES;
				SDKROOT = macosx;
				SWIFT_COMPILATION_MODE = wholemodule;
			};
			name = Release;
		};
		9B8CA1B32BC640B3000325C5 /* Debug */ = {
			isa = XCBuildConfiguration;
			buildSettings = {
				ASSETCATALOG_COMPILER_APPICON_NAME = AppIcon;
				ASSETCATALOG_COMPILER_GLOBAL_ACCENT_COLOR_NAME = AccentColor;
				CODE_SIGN_ENTITLEMENTS = SerialPortDemo/SerialPortDemo.entitlements;
				CODE_SIGN_STYLE = Automatic;
				COMBINE_HIDPI_IMAGES = YES;
				CURRENT_PROJECT_VERSION = 1;
				DEVELOPMENT_ASSET_PATHS = "\"SerialPortDemo/Preview Content\"";
				DEVELOPMENT_TEAM = 96GA29E953;
				ENABLE_HARDENED_RUNTIME = YES;
				ENABLE_PREVIEWS = YES;
				GENERATE_INFOPLIST_FILE = YES;
				INFOPLIST_KEY_NSHumanReadableCopyright = "";
				LD_RUNPATH_SEARCH_PATHS = (
					"$(inherited)",
					"@executable_path/../Frameworks",
				);
				MARKETING_VERSION = 1.0;
				PRODUCT_BUNDLE_IDENTIFIER = feaver.SerialPortDemo;
				PRODUCT_NAME = "$(TARGET_NAME)";
				SWIFT_EMIT_LOC_STRINGS = YES;
				SWIFT_VERSION = 5.0;
			};
			name = Debug;
		};
		9B8CA1B42BC640B3000325C5 /* Release */ = {
			isa = XCBuildConfiguration;
			buildSettings = {
				ASSETCATALOG_COMPILER_APPICON_NAME = AppIcon;
				ASSETCATALOG_COMPILER_GLOBAL_ACCENT_COLOR_NAME = AccentColor;
				CODE_SIGN_ENTITLEMENTS = SerialPortDemo/SerialPortDemo.entitlements;
				CODE_SIGN_STYLE = Automatic;
				COMBINE_HIDPI_IMAGES = YES;
				CURRENT_PROJECT_VERSION = 1;
				DEVELOPMENT_ASSET_PATHS = "\"SerialPortDemo/Preview Content\"";
				DEVELOPMENT_TEAM = 96GA29E953;
				ENABLE_HARDENED_RUNTIME = YES;
				ENABLE_PREVIEWS = YES;
				GENERATE_INFOPLIST_FILE = YES;
				INFOPLIST_KEY_NSHumanReadableCopyright = "";
				LD_RUNPATH_SEARCH_PATHS = (
					"$(inherited)",
					"@executable_path/../Frameworks",
				);
				MARKETING_VERSION = 1.0;
				PRODUCT_BUNDLE_IDENTIFIER = feaver.SerialPortDemo;
				PRODUCT_NAME = "$(TARGET_NAME)";
				SWIFT_EMIT_LOC_STRINGS = YES;
				SWIFT_VERSION = 5.0;
			};
			name = Release;
		};
		9B8CA1B62BC640B3000325C5 /* Debug */ = {
			isa = XCBuildConfiguration;
			buildSettings = {
				ALWAYS_EMBED_SWIFT_STANDARD_LIBRARIES = YES;
				BUNDLE_LOADER = "$(TEST_HOST)";
				CODE_SIGN_STYLE = Automatic;
				CURRENT_PROJECT_VERSION = 1;
				DEVELOPMENT_TEAM = 96GA29E953;
				GENERATE_INFOPLIST_FILE = YES;
				MACOSX_DEPLOYMENT_TARGET = 14.1;
				MARKETING_VERSION = 1.0;
				PRODUCT_BUNDLE_IDENTIFIER = feaver.SerialPortDemoTests;
				PRODUCT_NAME = "$(TARGET_NAME)";
				SWIFT_EMIT_LOC_STRINGS = NO;
				SWIFT_VERSION = 5.0;
				TEST_HOST = "$(BUILT_PRODUCTS_DIR)/SerialPortDemo.app/$(BUNDLE_EXECUTABLE_FOLDER_PATH)/SerialPortDemo";
			};
			name = Debug;
		};
		9B8CA1B72BC640B3000325C5 /* Release */ = {
			isa = XCBuildConfiguration;
			buildSettings = {
				ALWAYS_EMBED_SWIFT_STANDARD_LIBRARIES = YES;
				BUNDLE_LOADER = "$(TEST_HOST)";
				CODE_SIGN_STYLE = Automatic;
				CURRENT_PROJECT_VERSION = 1;
				DEVELOPMENT_TEAM = 96GA29E953;
				GENERATE_INFOPLIST_FILE = YES;
				MACOSX_DEPLOYMENT_TARGET = 14.1;
				MARKETING_VERSION = 1.0;
				PRODUCT_BUNDLE_IDENTIFIER = feaver.SerialPortDemoTests;
				PRODUCT_NAME = "$(TARGET_NAME)";
				SWIFT_EMIT_LOC_STRINGS = NO;
				SWIFT_VERSION = 5.0;
				TEST_HOST = "$(BUILT_PRODUCTS_DIR)/SerialPortDemo.app/$(BUNDLE_EXECUTABLE_FOLDER_PATH)/SerialPortDemo";
			};
			name = Release;
		};
		9B8CA1B92BC640B3000325C5 /* Debug */ = {
			isa = XCBuildConfiguration;
			buildSettings = {
				ALWAYS_EMBED_SWIFT_STANDARD_LIBRARIES = YES;
				CODE_SIGN_STYLE = Automatic;
				CURRENT_PROJECT_VERSION = 1;
				DEVELOPMENT_TEAM = 96GA29E953;
				GENERATE_INFOPLIST_FILE = YES;
				MARKETING_VERSION = 1.0;
				PRODUCT_BUNDLE_IDENTIFIER = feaver.SerialPortDemoUITests;
				PRODUCT_NAME = "$(TARGET_NAME)";
				SWIFT_EMIT_LOC_STRINGS = NO;
				SWIFT_VERSION = 5.0;
				TEST_TARGET_NAME = SerialPortDemo;
			};
			name = Debug;
		};
		9B8CA1BA2BC640B3000325C5 /* Release */ = {
			isa = XCBuildConfiguration;
			buildSettings = {
				ALWAYS_EMBED_SWIFT_STANDARD_LIBRARIES = YES;
				CODE_SIGN_STYLE = Automatic;
				CURRENT_PROJECT_VERSION = 1;
				DEVELOPMENT_TEAM = 96GA29E953;
				GENERATE_INFOPLIST_FILE = YES;
				MARKETING_VERSION = 1.0;
				PRODUCT_BUNDLE_IDENTIFIER = feaver.SerialPortDemoUITests;
				PRODUCT_NAME = "$(TARGET_NAME)";
				SWIFT_EMIT_LOC_STRINGS = NO;
				SWIFT_VERSION = 5.0;
				TEST_TARGET_NAME = SerialPortDemo;
			};
			name = Release;
		};
/* End XCBuildConfiguration section */

/* Begin XCConfigurationList section */
		9B8CA1882BC640B1000325C5 /* Build configuration list for PBXProject "SerialPortDemo" */ = {
			isa = XCConfigurationList;
			buildConfigurations = (
				9B8CA1B02BC640B3000325C5 /* Debug */,
				9B8CA1B12BC640B3000325C5 /* Release */,
			);
			defaultConfigurationIsVisible = 0;
			defaultConfigurationName = Release;
		};
		9B8CA1B22BC640B3000325C5 /* Build configuration list for PBXNativeTarget "SerialPortDemo" */ = {
			isa = XCConfigurationList;
			buildConfigurations = (
				9B8CA1B32BC640B3000325C5 /* Debug */,
				9B8CA1B42BC640B3000325C5 /* Release */,
			);
			defaultConfigurationIsVisible = 0;
			defaultConfigurationName = Release;
		};
		9B8CA1B52BC640B3000325C5 /* Build configuration list for PBXNativeTarget "SerialPortDemoTests" */ = {
			isa = XCConfigurationList;
			buildConfigurations = (
				9B8CA1B62BC640B3000325C5 /* Debug */,
				9B8CA1B72BC640B3000325C5 /* Release */,
			);
			defaultConfigurationIsVisible = 0;
			defaultConfigurationName = Release;
		};
		9B8CA1B82BC640B3000325C5 /* Build configuration list for PBXNativeTarget "SerialPortDemoUITests" */ = {
			isa = XCConfigurationList;
			buildConfigurations = (
				9B8CA1B92BC640B3000325C5 /* Debug */,
				9B8CA1BA2BC640B3000325C5 /* Release */,
			);
			defaultConfigurationIsVisible = 0;
			defaultConfigurationName = Release;
		};
/* End XCConfigurationList section */
	};
	rootObject = 9B8CA1852BC640B1000325C5 /* Project object */;
}
